
Microsoft Visual Studio Solution File, Format Version 12.00
# Visual Studio 15
VisualStudioVersion = 15.0.28010.2046
MinimumVisualStudioVersion = 10.0.40219.1
Project("{FAE04EC0-301F-11D3-BF4B-00C04F79EFBC}") = "PLATZI-ASP-NET-CORE", "PLATZI-ASP-NET-CORE\PLATZI-ASP-NET-CORE.csproj", "{F17017E6-33C2-4107-93DF-FFFF232151B8}"
EndProject
Global
	GlobalSection(SolutionConfigurationPlatforms) = preSolution
		Debug|Any CPU = Debug|Any CPU
		Release|Any CPU = Release|Any CPU
	EndGlobalSection
	GlobalSection(ProjectConfigurationPlatforms) = postSolution
		{F17017E6-33C2-4107-93DF-FFFF232151B8}.Debug|Any CPU.ActiveCfg = Debug|Any CPU
		{F17017E6-33C2-4107-93DF-FFFF232151B8}.Debug|Any CPU.Build.0 = Debug|Any CPU
		{F17017E6-33C2-4107-93DF-FFFF232151B8}.Release|Any CPU.ActiveCfg = Release|Any CPU
		{F17017E6-33C2-4107-93DF-FFFF232151B8}.Release|Any CPU.Build.0 = Release|Any CPU
	EndGlobalSection
	GlobalSection(SolutionProperties) = preSolution
		HideSolutionNode = FALSE
	EndGlobalSection
	GlobalSection(ExtensibilityGlobals) = postSolution
		SolutionGuid = {B0DFE20F-442A-428F-B511-C13076F14473}
	EndGlobalSection
EndGlobal
